// !$*UTF8*$!
{
	archiveVersion = 1;
	classes = {
	};
	objectVersion = 50;
	objects = {

/* Begin PBXBuildFile section */
		8722A3892395079E00F07E42 /* AppDelegate.swift in Sources */ = {isa = PBXBuildFile; fileRef = 8722A3882395079E00F07E42 /* AppDelegate.swift */; };
		8722A38B2395079E00F07E42 /* SceneDelegate.swift in Sources */ = {isa = PBXBuildFile; fileRef = 8722A38A2395079E00F07E42 /* SceneDelegate.swift */; };
		8722A38D2395079E00F07E42 /* ViewController.swift in Sources */ = {isa = PBXBuildFile; fileRef = 8722A38C2395079E00F07E42 /* ViewController.swift */; };
		8722A3902395079E00F07E42 /* Main.storyboard in Resources */ = {isa = PBXBuildFile; fileRef = 8722A38E2395079E00F07E42 /* Main.storyboard */; };
		8722A3932395079E00F07E42 /* RevisionTest.xcdatamodeld in Sources */ = {isa = PBXBuildFile; fileRef = 8722A3912395079E00F07E42 /* RevisionTest.xcdatamodeld */; };
		8722A3952395079F00F07E42 /* Assets.xcassets in Resources */ = {isa = PBXBuildFile; fileRef = 8722A3942395079F00F07E42 /* Assets.xcassets */; };
		8722A3982395079F00F07E42 /* LaunchScreen.storyboard in Resources */ = {isa = PBXBuildFile; fileRef = 8722A3962395079F00F07E42 /* LaunchScreen.storyboard */; };
		8722A3A023950BE200F07E42 /* RecipeTableViewController.swift in Sources */ = {isa = PBXBuildFile; fileRef = 8722A39F23950BE200F07E42 /* RecipeTableViewController.swift */; };
		8722A3A4239511E800F07E42 /* Content.storyboard in Resources */ = {isa = PBXBuildFile; fileRef = 8722A3A3239511E800F07E42 /* Content.storyboard */; };
/* End PBXBuildFile section */

/* Begin PBXFileReference section */
		8722A3852395079E00F07E42 /* RevisionTest.app */ = {isa = PBXFileReference; explicitFileType = wrapper.application; includeInIndex = 0; path = RevisionTest.app; sourceTree = BUILT_PRODUCTS_DIR; };
		8722A3882395079E00F07E42 /* AppDelegate.swift */ = {isa = PBXFileReference; lastKnownFileType = sourcecode.swift; path = AppDelegate.swift; sourceTree = "<group>"; };
		8722A38A2395079E00F07E42 /* SceneDelegate.swift */ = {isa = PBXFileReference; lastKnownFileType = sourcecode.swift; path = SceneDelegate.swift; sourceTree = "<group>"; };
		8722A38C2395079E00F07E42 /* ViewController.swift */ = {isa = PBXFileReference; lastKnownFileType = sourcecode.swift; path = ViewController.swift; sourceTree = "<group>"; };
		8722A38F2395079E00F07E42 /* Base */ = {isa = PBXFileReference; lastKnownFileType = file.storyboard; name = Base; path = Base.lproj/Main.storyboard; sourceTree = "<group>"; };
		8722A3922395079E00F07E42 /* RevisionTest.xcdatamodel */ = {isa = PBXFileReference; lastKnownFileType = wrapper.xcdatamodel; path = RevisionTest.xcdatamodel; sourceTree = "<group>"; };
		8722A3942395079F00F07E42 /* Assets.xcassets */ = {isa = PBXFileReference; lastKnownFileType = folder.assetcatalog; path = Assets.xcassets; sourceTree = "<group>"; };
		8722A3972395079F00F07E42 /* Base */ = {isa = PBXFileReference; lastKnownFileType = file.storyboard; name = Base; path = Base.lproj/LaunchScreen.storyboard; sourceTree = "<group>"; };
		8722A3992395079F00F07E42 /* Info.plist */ = {isa = PBXFileReference; lastKnownFileType = text.plist.xml; path = Info.plist; sourceTree = "<group>"; };
		8722A39F23950BE200F07E42 /* RecipeTableViewController.swift */ = {isa = PBXFileReference; lastKnownFileType = sourcecode.swift; path = RecipeTableViewController.swift; sourceTree = "<group>"; };
		8722A3A3239511E800F07E42 /* Content.storyboard */ = {isa = PBXFileReference; lastKnownFileType = file.storyboard; path = Content.storyboard; sourceTree = "<group>"; };
/* End PBXFileReference section */

/* Begin PBXFrameworksBuildPhase section */
		8722A3822395079E00F07E42 /* Frameworks */ = {
			isa = PBXFrameworksBuildPhase;
			buildActionMask = 2147483647;
			files = (
			);
			runOnlyForDeploymentPostprocessing = 0;
		};
/* End PBXFrameworksBuildPhase section */

/* Begin PBXGroup section */
		8722A37C2395079E00F07E42 = {
			isa = PBXGroup;
			children = (
				8722A3872395079E00F07E42 /* RevisionTest */,
				8722A3862395079E00F07E42 /* Products */,
			);
			sourceTree = "<group>";
		};
		8722A3862395079E00F07E42 /* Products */ = {
			isa = PBXGroup;
			children = (
				8722A3852395079E00F07E42 /* RevisionTest.app */,
			);
			name = Products;
			sourceTree = "<group>";
		};
		8722A3872395079E00F07E42 /* RevisionTest */ = {
			isa = PBXGroup;
			children = (
				8722A3882395079E00F07E42 /* AppDelegate.swift */,
				8722A38A2395079E00F07E42 /* SceneDelegate.swift */,
				8722A38C2395079E00F07E42 /* ViewController.swift */,
				8722A38E2395079E00F07E42 /* Main.storyboard */,
				8722A3942395079F00F07E42 /* Assets.xcassets */,
				8722A3962395079F00F07E42 /* LaunchScreen.storyboard */,
				8722A3992395079F00F07E42 /* Info.plist */,
				8722A3912395079E00F07E42 /* RevisionTest.xcdatamodeld */,
				8722A39F23950BE200F07E42 /* RecipeTableViewController.swift */,
				8722A3A3239511E800F07E42 /* Content.storyboard */,
			);
			path = RevisionTest;
			sourceTree = "<group>";
		};
/* End PBXGroup section */

/* Begin PBXNativeTarget section */
		8722A3842395079E00F07E42 /* RevisionTest */ = {
			isa = PBXNativeTarget;
			buildConfigurationList = 8722A39C2395079F00F07E42 /* Build configuration list for PBXNativeTarget "RevisionTest" */;
			buildPhases = (
				8722A3812395079E00F07E42 /* Sources */,
				8722A3822395079E00F07E42 /* Frameworks */,
				8722A3832395079E00F07E42 /* Resources */,
			);
			buildRules = (
			);
			dependencies = (
			);
			name = RevisionTest;
			productName = RevisionTest;
			productReference = 8722A3852395079E00F07E42 /* RevisionTest.app */;
			productType = "com.apple.product-type.application";
		};
/* End PBXNativeTarget section */

/* Begin PBXProject section */
		8722A37D2395079E00F07E42 /* Project object */ = {
			isa = PBXProject;
			attributes = {
				LastSwiftUpdateCheck = 1100;
				LastUpgradeCheck = 1100;
				ORGANIZATIONNAME = MAD2_P02;
				TargetAttributes = {
					8722A3842395079E00F07E42 = {
						CreatedOnToolsVersion = 11.0;
					};
				};
			};
			buildConfigurationList = 8722A3802395079E00F07E42 /* Build configuration list for PBXProject "RevisionTest" */;
			compatibilityVersion = "Xcode 9.3";
			developmentRegion = en;
			hasScannedForEncodings = 0;
			knownRegions = (
				en,
				Base,
			);
			mainGroup = 8722A37C2395079E00F07E42;
			productRefGroup = 8722A3862395079E00F07E42 /* Products */;
			projectDirPath = "";
			projectRoot = "";
			targets = (
				8722A3842395079E00F07E42 /* RevisionTest */,
			);
		};
/* End PBXProject section */

/* Begin PBXResourcesBuildPhase section */
		8722A3832395079E00F07E42 /* Resources */ = {
			isa = PBXResourcesBuildPhase;
			buildActionMask = 2147483647;
			files = (
				8722A3A4239511E800F07E42 /* Content.storyboard in Resources */,
				8722A3982395079F00F07E42 /* LaunchScreen.storyboard in Resources */,
				8722A3952395079F00F07E42 /* Assets.xcassets in Resources */,
				8722A3902395079E00F07E42 /* Main.storyboard in Resources */,
			);
			runOnlyForDeploymentPostprocessing = 0;
		};
/* End PBXResourcesBuildPhase section */

/* Begin PBXSourcesBuildPhase section */
		8722A3812395079E00F07E42 /* Sources */ = {
			isa = PBXSourcesBuildPhase;
			buildActionMask = 2147483647;
			files = (
				8722A3932395079E00F07E42 /* RevisionTest.xcdatamodeld in Sources */,
				8722A38D2395079E00F07E42 /* ViewController.swift in Sources */,
				8722A3892395079E00F07E42 /* AppDelegate.swift in Sources */,
				8722A38B2395079E00F07E42 /* SceneDelegate.swift in Sources */,
				8722A3A023950BE200F07E42 /* RecipeTableViewController.swift in Sources */,
			);
			runOnlyForDeploymentPostprocessing = 0;
		};
/* End PBXSourcesBuildPhase section */

/* Begin PBXVariantGroup section */
		8722A38E2395079E00F07E42 /* Main.storyboard */ = {
			isa = PBXVariantGroup;
			children = (
				8722A38F2395079E00F07E42 /* Base */,
			);
			name = Main.storyboard;
			sourceTree = "<group>";
		};
		8722A3962395079F00F07E42 /* LaunchScreen.storyboard */ = {
			isa = PBXVariantGroup;
			children = (
				8722A3972395079F00F07E42 /* Base */,
			);
			name = LaunchScreen.storyboard;
			sourceTree = "<group>";
		};
/* End PBXVariantGroup section */

/* Begin XCBuildConfiguration section */
		8722A39A2395079F00F07E42 /* Debug */ = {
			isa = XCBuildConfiguration;
			buildSettings = {
				ALWAYS_SEARCH_USER_PATHS = NO;
				CLANG_ANALYZER_NONNULL = YES;
				CLANG_ANALYZER_NUMBER_OBJECT_CONVERSION = YES_AGGRESSIVE;
				CLANG_CXX_LANGUAGE_STANDARD = "gnu++14";
				CLANG_CXX_LIBRARY = "libc++";
				CLANG_ENABLE_MODULES = YES;
				CLANG_ENABLE_OBJC_ARC = YES;
				CLANG_ENABLE_OBJC_WEAK = YES;
				CLANG_WARN_BLOCK_CAPTURE_AUTORELEASING = YES;
				CLANG_WARN_BOOL_CONVERSION = YES;
				CLANG_WARN_COMMA = YES;
				CLANG_WARN_CONSTANT_CONVERSION = YES;
				CLANG_WARN_DEPRECATED_OBJC_IMPLEMENTATIONS = YES;
				CLANG_WARN_DIRECT_OBJC_ISA_USAGE = YES_ERROR;
				CLANG_WARN_DOCUMENTATION_COMMENTS = YES;
				CLANG_WARN_EMPTY_BODY = YES;
				CLANG_WARN_ENUM_CONVERSION = YES;
				CLANG_WARN_INFINITE_RECURSION = YES;
				CLANG_WARN_INT_CONVERSION = YES;
				CLANG_WARN_NON_LITERAL_NULL_CONVERSION = YES;
				CLANG_WARN_OBJC_IMPLICIT_RETAIN_SELF = YES;
				CLANG_WARN_OBJC_LITERAL_CONVERSION = YES;
				CLANG_WARN_OBJC_ROOT_CLASS = YES_ERROR;
				CLANG_WARN_RANGE_LOOP_ANALYSIS = YES;
				CLANG_WARN_STRICT_PROTOTYPES = YES;
				CLANG_WARN_SUSPICIOUS_MOVE = YES;
				CLANG_WARN_UNGUARDED_AVAILABILITY = YES_AGGRESSIVE;
				CLANG_WARN_UNREACHABLE_CODE = YES;
				CLANG_WARN__DUPLICATE_METHOD_MATCH = YES;
				COPY_PHASE_STRIP = NO;
				DEBUG_INFORMATION_FORMAT = dwarf;
				ENABLE_STRICT_OBJC_MSGSEND = YES;
				ENABLE_TESTABILITY = YES;
				GCC_C_LANGUAGE_STANDARD = gnu11;
				GCC_DYNAMIC_NO_PIC = NO;
				GCC_NO_COMMON_BLOCKS = YES;
				GCC_OPTIMIZATION_LEVEL = 0;
				GCC_PREPROCESSOR_DEFINITIONS = (
					"DEBUG=1",
					"$(inherited)",
				);
				GCC_WARN_64_TO_32_BIT_CONVERSION = YES;
				GCC_WARN_ABOUT_RETURN_TYPE = YES_ERROR;
				GCC_WARN_UNDECLARED_SELECTOR = YES;
				GCC_WARN_UNINITIALIZED_AUTOS = YES_AGGRESSIVE;
				GCC_WARN_UNUSED_FUNCTION = YES;
				GCC_WARN_UNUSED_VARIABLE = YES;
				IPHONEOS_DEPLOYMENT_TARGET = 13.0;
				MTL_ENABLE_DEBUG_INFO = INCLUDE_SOURCE;
				MTL_FAST_MATH = YES;
				ONLY_ACTIVE_ARCH = YES;
				SDKROOT = iphoneos;
				SWIFT_ACTIVE_COMPILATION_CONDITIONS = DEBUG;
				SWIFT_OPTIMIZATION_LEVEL = "-Onone";
			};
			name = Debug;
		};
		8722A39B2395079F00F07E42 /* Release */ = {
			isa = XCBuildConfiguration;
			buildSettings = {
				ALWAYS_SEARCH_USER_PATHS = NO;
				CLANG_ANALYZER_NONNULL = YES;
				CLANG_ANALYZER_NUMBER_OBJECT_CONVERSION = YES_AGGRESSIVE;
				CLANG_CXX_LANGUAGE_STANDARD = "gnu++14";
				CLANG_CXX_LIBRARY = "libc++";
				CLANG_ENABLE_MODULES = YES;
				CLANG_ENABLE_OBJC_ARC = YES;
				CLANG_ENABLE_OBJC_WEAK = YES;
				CLANG_WARN_BLOCK_CAPTURE_AUTORELEASING = YES;
				CLANG_WARN_BOOL_CONVERSION = YES;
				CLANG_WARN_COMMA = YES;
				CLANG_WARN_CONSTANT_CONVERSION = YES;
				CLANG_WARN_DEPRECATED_OBJC_IMPLEMENTATIONS = YES;
				CLANG_WARN_DIRECT_OBJC_ISA_USAGE = YES_ERROR;
				CLANG_WARN_DOCUMENTATION_COMMENTS = YES;
				CLANG_WARN_EMPTY_BODY = YES;
				CLANG_WARN_ENUM_CONVERSION = YES;
				CLANG_WARN_INFINITE_RECURSION = YES;
				CLANG_WARN_INT_CONVERSION = YES;
				CLANG_WARN_NON_LITERAL_NULL_CONVERSION = YES;
				CLANG_WARN_OBJC_IMPLICIT_RETAIN_SELF = YES;
				CLANG_WARN_OBJC_LITERAL_CONVERSION = YES;
				CLANG_WARN_OBJC_ROOT_CLASS = YES_ERROR;
				CLANG_WARN_RANGE_LOOP_ANALYSIS = YES;
				CLANG_WARN_STRICT_PROTOTYPES = YES;
				CLANG_WARN_SUSPICIOUS_MOVE = YES;
				CLANG_WARN_UNGUARDED_AVAILABILITY = YES_AGGRESSIVE;
				CLANG_WARN_UNREACHABLE_CODE = YES;
				CLANG_WARN__DUPLICATE_METHOD_MATCH = YES;
				COPY_PHASE_STRIP = NO;
				DEBUG_INFORMATION_FORMAT = "dwarf-with-dsym";
				ENABLE_NS_ASSERTIONS = NO;
				ENABLE_STRICT_OBJC_MSGSEND = YES;
				GCC_C_LANGUAGE_STANDARD = gnu11;
				GCC_NO_COMMON_BLOCKS = YES;
				GCC_WARN_64_TO_32_BIT_CONVERSION = YES;
				GCC_WARN_ABOUT_RETURN_TYPE = YES_ERROR;
				GCC_WARN_UNDECLARED_SELECTOR = YES;
				GCC_WARN_UNINITIALIZED_AUTOS = YES_AGGRESSIVE;
				GCC_WARN_UNUSED_FUNCTION = YES;
				GCC_WARN_UNUSED_VARIABLE = YES;
				IPHONEOS_DEPLOYMENT_TARGET = 13.0;
				MTL_ENABLE_DEBUG_INFO = NO;
				MTL_FAST_MATH = YES;
				SDKROOT = iphoneos;
				SWIFT_COMPILATION_MODE = wholemodule;
				SWIFT_OPTIMIZATION_LEVEL = "-O";
				VALIDATE_PRODUCT = YES;
			};
			name = Release;
		};
		8722A39D2395079F00F07E42 /* Debug */ = {
			isa = XCBuildConfiguration;
			buildSettings = {
				ASSETCATALOG_COMPILER_APPICON_NAME = AppIcon;
				CODE_SIGN_STYLE = Automatic;
				INFOPLIST_FILE = RevisionTest/Info.plist;
				LD_RUNPATH_SEARCH_PATHS = (
					"$(inherited)",
					"@executable_path/Frameworks",
				);
				PRODUCT_BUNDLE_IDENTIFIER = sg.mad2.RevisionTest;
				PRODUCT_NAME = "$(TARGET_NAME)";
				SWIFT_VERSION = 5.0;
				TARGETED_DEVICE_FAMILY = "1,2";
			};
			name = Debug;
		};
		8722A39E2395079F00F07E42 /* Release */ = {
			isa = XCBuildConfiguration;
			buildSettings = {
				ASSETCATALOG_COMPILER_APPICON_NAME = AppIcon;
				CODE_SIGN_STYLE = Automatic;
				INFOPLIST_FILE = RevisionTest/Info.plist;
				LD_RUNPATH_SEARCH_PATHS = (
					"$(inherited)",
					"@executable_path/Frameworks",
				);
				PRODUCT_BUNDLE_IDENTIFIER = sg.mad2.RevisionTest;
				PRODUCT_NAME = "$(TARGET_NAME)";
				SWIFT_VERSION = 5.0;
				TARGETED_DEVICE_FAMILY = "1,2";
			};
			name = Release;
		};
/* End XCBuildConfiguration section */

/* Begin XCConfigurationList section */
		8722A3802395079E00F07E42 /* Build configuration list for PBXProject "RevisionTest" */ = {
			isa = XCConfigurationList;
			buildConfigurations = (
				8722A39A2395079F00F07E42 /* Debug */,
				8722A39B2395079F00F07E42 /* Release */,
			);
			defaultConfigurationIsVisible = 0;
			defaultConfigurationName = Release;
		};
		8722A39C2395079F00F07E42 /* Build configuration list for PBXNativeTarget "RevisionTest" */ = {
			isa = XCConfigurationList;
			buildConfigurations = (
				8722A39D2395079F00F07E42 /* Debug */,
				8722A39E2395079F00F07E42 /* Release */,
			);
			defaultConfigurationIsVisible = 0;
			defaultConfigurationName = Release;
		};
/* End XCConfigurationList section */

/* Begin XCVersionGroup section */
		8722A3912395079E00F07E42 /* RevisionTest.xcdatamodeld */ = {
			isa = XCVersionGroup;
			children = (
				8722A3922395079E00F07E42 /* RevisionTest.xcdatamodel */,
			);
			currentVersion = 8722A3922395079E00F07E42 /* RevisionTest.xcdatamodel */;
			path = RevisionTest.xcdatamodeld;
			sourceTree = "<group>";
			versionGroupType = wrapper.xcdatamodel;
		};
/* End XCVersionGroup section */
	};
	rootObject = 8722A37D2395079E00F07E42 /* Project object */;
}
