// !$*UTF8*$!
{
	archiveVersion = 1;
	classes = {
	};
	objectVersion = 50;
	objects = {

/* Begin PBXBuildFile section */
		878B163F235DA81000CAD688 /* AppDelegate.swift in Sources */ = {isa = PBXBuildFile; fileRef = 878B163E235DA81000CAD688 /* AppDelegate.swift */; };
		878B1641235DA81000CAD688 /* SceneDelegate.swift in Sources */ = {isa = PBXBuildFile; fileRef = 878B1640235DA81000CAD688 /* SceneDelegate.swift */; };
		878B1643235DA81000CAD688 /* ViewController.swift in Sources */ = {isa = PBXBuildFile; fileRef = 878B1642235DA81000CAD688 /* ViewController.swift */; };
		878B1646235DA81000CAD688 /* Main.storyboard in Resources */ = {isa = PBXBuildFile; fileRef = 878B1644235DA81000CAD688 /* Main.storyboard */; };
		878B1648235DA81200CAD688 /* Assets.xcassets in Resources */ = {isa = PBXBuildFile; fileRef = 878B1647235DA81200CAD688 /* Assets.xcassets */; };
		878B164B235DA81200CAD688 /* LaunchScreen.storyboard in Resources */ = {isa = PBXBuildFile; fileRef = 878B1649235DA81200CAD688 /* LaunchScreen.storyboard */; };
		878B1653235DA8AF00CAD688 /* Friend.swift in Sources */ = {isa = PBXBuildFile; fileRef = 878B1652235DA8AF00CAD688 /* Friend.swift */; };
/* End PBXBuildFile section */

/* Begin PBXFileReference section */
		878B163B235DA81000CAD688 /* Practical2.app */ = {isa = PBXFileReference; explicitFileType = wrapper.application; includeInIndex = 0; path = Practical2.app; sourceTree = BUILT_PRODUCTS_DIR; };
		878B163E235DA81000CAD688 /* AppDelegate.swift */ = {isa = PBXFileReference; lastKnownFileType = sourcecode.swift; path = AppDelegate.swift; sourceTree = "<group>"; };
		878B1640235DA81000CAD688 /* SceneDelegate.swift */ = {isa = PBXFileReference; lastKnownFileType = sourcecode.swift; path = SceneDelegate.swift; sourceTree = "<group>"; };
		878B1642235DA81000CAD688 /* ViewController.swift */ = {isa = PBXFileReference; lastKnownFileType = sourcecode.swift; path = ViewController.swift; sourceTree = "<group>"; };
		878B1645235DA81000CAD688 /* Base */ = {isa = PBXFileReference; lastKnownFileType = file.storyboard; name = Base; path = Base.lproj/Main.storyboard; sourceTree = "<group>"; };
		878B1647235DA81200CAD688 /* Assets.xcassets */ = {isa = PBXFileReference; lastKnownFileType = folder.assetcatalog; path = Assets.xcassets; sourceTree = "<group>"; };
		878B164A235DA81200CAD688 /* Base */ = {isa = PBXFileReference; lastKnownFileType = file.storyboard; name = Base; path = Base.lproj/LaunchScreen.storyboard; sourceTree = "<group>"; };
		878B164C235DA81200CAD688 /* Info.plist */ = {isa = PBXFileReference; lastKnownFileType = text.plist.xml; path = Info.plist; sourceTree = "<group>"; };
		878B1652235DA8AF00CAD688 /* Friend.swift */ = {isa = PBXFileReference; lastKnownFileType = sourcecode.swift; path = Friend.swift; sourceTree = "<group>"; };
/* End PBXFileReference section */

/* Begin PBXFrameworksBuildPhase section */
		878B1638235DA81000CAD688 /* Frameworks */ = {
			isa = PBXFrameworksBuildPhase;
			buildActionMask = 2147483647;
			files = (
			);
			runOnlyForDeploymentPostprocessing = 0;
		};
/* End PBXFrameworksBuildPhase section */

/* Begin PBXGroup section */
		878B1632235DA81000CAD688 = {
			isa = PBXGroup;
			children = (
				878B163D235DA81000CAD688 /* Practical2 */,
				878B163C235DA81000CAD688 /* Products */,
			);
			sourceTree = "<group>";
		};
		878B163C235DA81000CAD688 /* Products */ = {
			isa = PBXGroup;
			children = (
				878B163B235DA81000CAD688 /* Practical2.app */,
			);
			name = Products;
			sourceTree = "<group>";
		};
		878B163D235DA81000CAD688 /* Practical2 */ = {
			isa = PBXGroup;
			children = (
				878B163E235DA81000CAD688 /* AppDelegate.swift */,
				878B1640235DA81000CAD688 /* SceneDelegate.swift */,
				878B1642235DA81000CAD688 /* ViewController.swift */,
				878B1644235DA81000CAD688 /* Main.storyboard */,
				878B1647235DA81200CAD688 /* Assets.xcassets */,
				878B1649235DA81200CAD688 /* LaunchScreen.storyboard */,
				878B164C235DA81200CAD688 /* Info.plist */,
				878B1652235DA8AF00CAD688 /* Friend.swift */,
			);
			path = Practical2;
			sourceTree = "<group>";
		};
/* End PBXGroup section */

/* Begin PBXNativeTarget section */
		878B163A235DA81000CAD688 /* Practical2 */ = {
			isa = PBXNativeTarget;
			buildConfigurationList = 878B164F235DA81200CAD688 /* Build configuration list for PBXNativeTarget "Practical2" */;
			buildPhases = (
				878B1637235DA81000CAD688 /* Sources */,
				878B1638235DA81000CAD688 /* Frameworks */,
				878B1639235DA81000CAD688 /* Resources */,
			);
			buildRules = (
			);
			dependencies = (
			);
			name = Practical2;
			productName = Practical2;
			productReference = 878B163B235DA81000CAD688 /* Practical2.app */;
			productType = "com.apple.product-type.application";
		};
/* End PBXNativeTarget section */

/* Begin PBXProject section */
		878B1633235DA81000CAD688 /* Project object */ = {
			isa = PBXProject;
			attributes = {
				LastSwiftUpdateCheck = 1100;
				LastUpgradeCheck = 1100;
				ORGANIZATIONNAME = MAD2_P02;
				TargetAttributes = {
					878B163A235DA81000CAD688 = {
						CreatedOnToolsVersion = 11.0;
					};
				};
			};
			buildConfigurationList = 878B1636235DA81000CAD688 /* Build configuration list for PBXProject "Practical2" */;
			compatibilityVersion = "Xcode 9.3";
			developmentRegion = en;
			hasScannedForEncodings = 0;
			knownRegions = (
				en,
				Base,
			);
			mainGroup = 878B1632235DA81000CAD688;
			productRefGroup = 878B163C235DA81000CAD688 /* Products */;
			projectDirPath = "";
			projectRoot = "";
			targets = (
				878B163A235DA81000CAD688 /* Practical2 */,
			);
		};
/* End PBXProject section */

/* Begin PBXResourcesBuildPhase section */
		878B1639235DA81000CAD688 /* Resources */ = {
			isa = PBXResourcesBuildPhase;
			buildActionMask = 2147483647;
			files = (
				878B164B235DA81200CAD688 /* LaunchScreen.storyboard in Resources */,
				878B1648235DA81200CAD688 /* Assets.xcassets in Resources */,
				878B1646235DA81000CAD688 /* Main.storyboard in Resources */,
			);
			runOnlyForDeploymentPostprocessing = 0;
		};
/* End PBXResourcesBuildPhase section */

/* Begin PBXSourcesBuildPhase section */
		878B1637235DA81000CAD688 /* Sources */ = {
			isa = PBXSourcesBuildPhase;
			buildActionMask = 2147483647;
			files = (
				878B1643235DA81000CAD688 /* ViewController.swift in Sources */,
				878B163F235DA81000CAD688 /* AppDelegate.swift in Sources */,
				878B1641235DA81000CAD688 /* SceneDelegate.swift in Sources */,
				878B1653235DA8AF00CAD688 /* Friend.swift in Sources */,
			);
			runOnlyForDeploymentPostprocessing = 0;
		};
/* End PBXSourcesBuildPhase section */

/* Begin PBXVariantGroup section */
		878B1644235DA81000CAD688 /* Main.storyboard */ = {
			isa = PBXVariantGroup;
			children = (
				878B1645235DA81000CAD688 /* Base */,
			);
			name = Main.storyboard;
			sourceTree = "<group>";
		};
		878B1649235DA81200CAD688 /* LaunchScreen.storyboard */ = {
			isa = PBXVariantGroup;
			children = (
				878B164A235DA81200CAD688 /* Base */,
			);
			name = LaunchScreen.storyboard;
			sourceTree = "<group>";
		};
/* End PBXVariantGroup section */

/* Begin XCBuildConfiguration section */
		878B164D235DA81200CAD688 /* Debug */ = {
			isa = XCBuildConfiguration;
			buildSettings = {
				ALWAYS_SEARCH_USER_PATHS = NO;
				CLANG_ANALYZER_NONNULL = YES;
				CLANG_ANALYZER_NUMBER_OBJECT_CONVERSION = YES_AGGRESSIVE;
				CLANG_CXX_LANGUAGE_STANDARD = "gnu++14";
				CLANG_CXX_LIBRARY = "libc++";
				CLANG_ENABLE_MODULES = YES;
				CLANG_ENABLE_OBJC_ARC = YES;
				CLANG_ENABLE_OBJC_WEAK = YES;
				CLANG_WARN_BLOCK_CAPTURE_AUTORELEASING = YES;
				CLANG_WARN_BOOL_CONVERSION = YES;
				CLANG_WARN_COMMA = YES;
				CLANG_WARN_CONSTANT_CONVERSION = YES;
				CLANG_WARN_DEPRECATED_OBJC_IMPLEMENTATIONS = YES;
				CLANG_WARN_DIRECT_OBJC_ISA_USAGE = YES_ERROR;
				CLANG_WARN_DOCUMENTATION_COMMENTS = YES;
				CLANG_WARN_EMPTY_BODY = YES;
				CLANG_WARN_ENUM_CONVERSION = YES;
				CLANG_WARN_INFINITE_RECURSION = YES;
				CLANG_WARN_INT_CONVERSION = YES;
				CLANG_WARN_NON_LITERAL_NULL_CONVERSION = YES;
				CLANG_WARN_OBJC_IMPLICIT_RETAIN_SELF = YES;
				CLANG_WARN_OBJC_LITERAL_CONVERSION = YES;
				CLANG_WARN_OBJC_ROOT_CLASS = YES_ERROR;
				CLANG_WARN_RANGE_LOOP_ANALYSIS = YES;
				CLANG_WARN_STRICT_PROTOTYPES = YES;
				CLANG_WARN_SUSPICIOUS_MOVE = YES;
				CLANG_WARN_UNGUARDED_AVAILABILITY = YES_AGGRESSIVE;
				CLANG_WARN_UNREACHABLE_CODE = YES;
				CLANG_WARN__DUPLICATE_METHOD_MATCH = YES;
				COPY_PHASE_STRIP = NO;
				DEBUG_INFORMATION_FORMAT = dwarf;
				ENABLE_STRICT_OBJC_MSGSEND = YES;
				ENABLE_TESTABILITY = YES;
				GCC_C_LANGUAGE_STANDARD = gnu11;
				GCC_DYNAMIC_NO_PIC = NO;
				GCC_NO_COMMON_BLOCKS = YES;
				GCC_OPTIMIZATION_LEVEL = 0;
				GCC_PREPROCESSOR_DEFINITIONS = (
					"DEBUG=1",
					"$(inherited)",
				);
				GCC_WARN_64_TO_32_BIT_CONVERSION = YES;
				GCC_WARN_ABOUT_RETURN_TYPE = YES_ERROR;
				GCC_WARN_UNDECLARED_SELECTOR = YES;
				GCC_WARN_UNINITIALIZED_AUTOS = YES_AGGRESSIVE;
				GCC_WARN_UNUSED_FUNCTION = YES;
				GCC_WARN_UNUSED_VARIABLE = YES;
				IPHONEOS_DEPLOYMENT_TARGET = 13.0;
				MTL_ENABLE_DEBUG_INFO = INCLUDE_SOURCE;
				MTL_FAST_MATH = YES;
				ONLY_ACTIVE_ARCH = YES;
				SDKROOT = iphoneos;
				SWIFT_ACTIVE_COMPILATION_CONDITIONS = DEBUG;
				SWIFT_OPTIMIZATION_LEVEL = "-Onone";
			};
			name = Debug;
		};
		878B164E235DA81200CAD688 /* Release */ = {
			isa = XCBuildConfiguration;
			buildSettings = {
				ALWAYS_SEARCH_USER_PATHS = NO;
				CLANG_ANALYZER_NONNULL = YES;
				CLANG_ANALYZER_NUMBER_OBJECT_CONVERSION = YES_AGGRESSIVE;
				CLANG_CXX_LANGUAGE_STANDARD = "gnu++14";
				CLANG_CXX_LIBRARY = "libc++";
				CLANG_ENABLE_MODULES = YES;
				CLANG_ENABLE_OBJC_ARC = YES;
				CLANG_ENABLE_OBJC_WEAK = YES;
				CLANG_WARN_BLOCK_CAPTURE_AUTORELEASING = YES;
				CLANG_WARN_BOOL_CONVERSION = YES;
				CLANG_WARN_COMMA = YES;
				CLANG_WARN_CONSTANT_CONVERSION = YES;
				CLANG_WARN_DEPRECATED_OBJC_IMPLEMENTATIONS = YES;
				CLANG_WARN_DIRECT_OBJC_ISA_USAGE = YES_ERROR;
				CLANG_WARN_DOCUMENTATION_COMMENTS = YES;
				CLANG_WARN_EMPTY_BODY = YES;
				CLANG_WARN_ENUM_CONVERSION = YES;
				CLANG_WARN_INFINITE_RECURSION = YES;
				CLANG_WARN_INT_CONVERSION = YES;
				CLANG_WARN_NON_LITERAL_NULL_CONVERSION = YES;
				CLANG_WARN_OBJC_IMPLICIT_RETAIN_SELF = YES;
				CLANG_WARN_OBJC_LITERAL_CONVERSION = YES;
				CLANG_WARN_OBJC_ROOT_CLASS = YES_ERROR;
				CLANG_WARN_RANGE_LOOP_ANALYSIS = YES;
				CLANG_WARN_STRICT_PROTOTYPES = YES;
				CLANG_WARN_SUSPICIOUS_MOVE = YES;
				CLANG_WARN_UNGUARDED_AVAILABILITY = YES_AGGRESSIVE;
				CLANG_WARN_UNREACHABLE_CODE = YES;
				CLANG_WARN__DUPLICATE_METHOD_MATCH = YES;
				COPY_PHASE_STRIP = NO;
				DEBUG_INFORMATION_FORMAT = "dwarf-with-dsym";
				ENABLE_NS_ASSERTIONS = NO;
				ENABLE_STRICT_OBJC_MSGSEND = YES;
				GCC_C_LANGUAGE_STANDARD = gnu11;
				GCC_NO_COMMON_BLOCKS = YES;
				GCC_WARN_64_TO_32_BIT_CONVERSION = YES;
				GCC_WARN_ABOUT_RETURN_TYPE = YES_ERROR;
				GCC_WARN_UNDECLARED_SELECTOR = YES;
				GCC_WARN_UNINITIALIZED_AUTOS = YES_AGGRESSIVE;
				GCC_WARN_UNUSED_FUNCTION = YES;
				GCC_WARN_UNUSED_VARIABLE = YES;
				IPHONEOS_DEPLOYMENT_TARGET = 13.0;
				MTL_ENABLE_DEBUG_INFO = NO;
				MTL_FAST_MATH = YES;
				SDKROOT = iphoneos;
				SWIFT_COMPILATION_MODE = wholemodule;
				SWIFT_OPTIMIZATION_LEVEL = "-O";
				VALIDATE_PRODUCT = YES;
			};
			name = Release;
		};
		878B1650235DA81200CAD688 /* Debug */ = {
			isa = XCBuildConfiguration;
			buildSettings = {
				ASSETCATALOG_COMPILER_APPICON_NAME = AppIcon;
				CODE_SIGN_STYLE = Automatic;
				INFOPLIST_FILE = Practical2/Info.plist;
				LD_RUNPATH_SEARCH_PATHS = (
					"$(inherited)",
					"@executable_path/Frameworks",
				);
				PRODUCT_BUNDLE_IDENTIFIER = KhengHin.Practical2;
				PRODUCT_NAME = "$(TARGET_NAME)";
				SWIFT_VERSION = 5.0;
				TARGETED_DEVICE_FAMILY = "1,2";
			};
			name = Debug;
		};
		878B1651235DA81200CAD688 /* Release */ = {
			isa = XCBuildConfiguration;
			buildSettings = {
				ASSETCATALOG_COMPILER_APPICON_NAME = AppIcon;
				CODE_SIGN_STYLE = Automatic;
				INFOPLIST_FILE = Practical2/Info.plist;
				LD_RUNPATH_SEARCH_PATHS = (
					"$(inherited)",
					"@executable_path/Frameworks",
				);
				PRODUCT_BUNDLE_IDENTIFIER = KhengHin.Practical2;
				PRODUCT_NAME = "$(TARGET_NAME)";
				SWIFT_VERSION = 5.0;
				TARGETED_DEVICE_FAMILY = "1,2";
			};
			name = Release;
		};
/* End XCBuildConfiguration section */

/* Begin XCConfigurationList section */
		878B1636235DA81000CAD688 /* Build configuration list for PBXProject "Practical2" */ = {
			isa = XCConfigurationList;
			buildConfigurations = (
				878B164D235DA81200CAD688 /* Debug */,
				878B164E235DA81200CAD688 /* Release */,
			);
			defaultConfigurationIsVisible = 0;
			defaultConfigurationName = Release;
		};
		878B164F235DA81200CAD688 /* Build configuration list for PBXNativeTarget "Practical2" */ = {
			isa = XCConfigurationList;
			buildConfigurations = (
				878B1650235DA81200CAD688 /* Debug */,
				878B1651235DA81200CAD688 /* Release */,
			);
			defaultConfigurationIsVisible = 0;
			defaultConfigurationName = Release;
		};
/* End XCConfigurationList section */
	};
	rootObject = 878B1633235DA81000CAD688 /* Project object */;
}
